{
  "name": "my-npm-package",
  "version": "1.0.0",
  "lockfileVersion": 3,
  "requires": true,
  "packages": {
    "": {
      "name": "my-npm-package",
      "version": "1.0.0",
      "license": "MIT",
      "dependencies": {
        "my-npm-package": "^0.0.1"
      },
      "devDependencies": {}
    },
    "node_modules/my-npm-package": {
      "version": "0.0.1",
      "resolved": "https://registry.npmjs.org/my-npm-package/-/my-npm-package-0.0.1.tgz",
      "integrity": "sha512-v8ZIxcMcaoqw2MCxNUZfcNe/kQ3ZEVKEvKLRY0VzJtF2i7KQ8Zg9NELd97uqi5wCVUNVVKkfVGLbPzlcaEcyNw==",
      "engines": {
        "node": "*"
      }
    }
  }
}
